
Microsoft Visual Studio Solution File, Format Version 12.00
# Visual Studio Version 16
VisualStudioVersion = 16.0.31112.23
MinimumVisualStudioVersion = 10.0.40219.1
Project("{FAE04EC0-301F-11D3-BF4B-00C04F79EFBC}") = "ClientReservasi-20190140127", "ClientReservasi-20190140127\ClientReservasi-20190140127.csproj", "{47A48A95-A7E0-4E60-B8BB-B80C3ECE4A5A}"
EndProject
Global
	GlobalSection(SolutionConfigurationPlatforms) = preSolution
		Debug|Any CPU = Debug|Any CPU
		Release|Any CPU = Release|Any CPU
	EndGlobalSection
	GlobalSection(ProjectConfigurationPlatforms) = postSolution
		{47A48A95-A7E0-4E60-B8BB-B80C3ECE4A5A}.Debug|Any CPU.ActiveCfg = Debug|Any CPU
		{47A48A95-A7E0-4E60-B8BB-B80C3ECE4A5A}.Debug|Any CPU.Build.0 = Debug|Any CPU
		{47A48A95-A7E0-4E60-B8BB-B80C3ECE4A5A}.Release|Any CPU.ActiveCfg = Release|Any CPU
		{47A48A95-A7E0-4E60-B8BB-B80C3ECE4A5A}.Release|Any CPU.Build.0 = Release|Any CPU
	EndGlobalSection
	GlobalSection(SolutionProperties) = preSolution
		HideSolutionNode = FALSE
	EndGlobalSection
	GlobalSection(ExtensibilityGlobals) = postSolution
		SolutionGuid = {C4832542-7152-44D2-A9C0-79F4BD531180}
	EndGlobalSection
EndGlobal
